
Microsoft Visual Studio Solution File, Format Version 12.00
# Visual Studio 15
VisualStudioVersion = 15.0.28307.168
MinimumVisualStudioVersion = 10.0.40219.1
Project("{FAE04EC0-301F-11D3-BF4B-00C04F79EFBC}") = "DocFactory", "DocFactory\DocFactory.csproj", "{F5FA0D62-E7B0-4EFA-9FF2-DA8737CC35EB}"
EndProject
Global
	GlobalSection(SolutionConfigurationPlatforms) = preSolution
		Debug|Any CPU = Debug|Any CPU
		Release|Any CPU = Release|Any CPU
	EndGlobalSection
	GlobalSection(ProjectConfigurationPlatforms) = postSolution
		{F5FA0D62-E7B0-4EFA-9FF2-DA8737CC35EB}.Debug|Any CPU.ActiveCfg = Debug|Any CPU
		{F5FA0D62-E7B0-4EFA-9FF2-DA8737CC35EB}.Debug|Any CPU.Build.0 = Debug|Any CPU
		{F5FA0D62-E7B0-4EFA-9FF2-DA8737CC35EB}.Release|Any CPU.ActiveCfg = Release|Any CPU
		{F5FA0D62-E7B0-4EFA-9FF2-DA8737CC35EB}.Release|Any CPU.Build.0 = Release|Any CPU
	EndGlobalSection
	GlobalSection(SolutionProperties) = preSolution
		HideSolutionNode = FALSE
	EndGlobalSection
	GlobalSection(ExtensibilityGlobals) = postSolution
		SolutionGuid = {F231FC0C-6568-4F54-B5DD-C0839ED8648E}
	EndGlobalSection
EndGlobal
